
Microsoft Visual Studio Solution File, Format Version 12.00
# Visual Studio Version 16
VisualStudioVersion = 16.0.30225.117
MinimumVisualStudioVersion = 10.0.40219.1
Project("{2150E333-8FDC-42A3-9474-1A3956D46DE8}") = "altima", "altima", "{6B1117FB-EB20-443D-B0DC-3B910DAE5EA8}"
EndProject
Project("{2150E333-8FDC-42A3-9474-1A3956D46DE8}") = "officedriver", "officedriver", "{304AF695-839A-42E1-B142-F91EC4366743}"
EndProject
Project("{9A19103F-16F7-4668-BE54-9A1E7A4F7556}") = "Altima.Broker", "altima\Altima.Broker\Altima.Broker.csproj", "{392AF4CF-5715-41FC-8A24-9D31C038B5A0}"
EndProject
Project("{9A19103F-16F7-4668-BE54-9A1E7A4F7556}") = "Altima.Broker.AspNet.Mvc", "altima\Altima.Broker.AspNetCore\Altima.Broker.AspNet.Mvc.csproj", "{E22FDA5D-8C45-4766-A9C7-1C16B27FFF08}"
EndProject
Project("{9A19103F-16F7-4668-BE54-9A1E7A4F7556}") = "Officedriver.Contratos.Api", "officedriver\Officedriver.Contratos.Api\Officedriver.Contratos.Api.csproj", "{7A04D961-293B-4CBD-A716-8445450A14AC}"
EndProject
Project("{9A19103F-16F7-4668-BE54-9A1E7A4F7556}") = "Officedriver.Contratos.Core", "officedriver\Officedriver.Contratos.Core\Officedriver.Contratos.Core.csproj", "{76D26813-7652-455B-9CDB-115F74E64D6A}"
EndProject
Project("{FAE04EC0-301F-11D3-BF4B-00C04F79EFBC}") = "ConsoleApp1", "ConsoleApp1\ConsoleApp1.csproj", "{7BB928DF-1C08-4755-82D6-C2BAEB5036F8}"
EndProject
Global
	GlobalSection(SolutionConfigurationPlatforms) = preSolution
		Debug|Any CPU = Debug|Any CPU
		Release|Any CPU = Release|Any CPU
	EndGlobalSection
	GlobalSection(ProjectConfigurationPlatforms) = postSolution
		{392AF4CF-5715-41FC-8A24-9D31C038B5A0}.Debug|Any CPU.ActiveCfg = Debug|Any CPU
		{392AF4CF-5715-41FC-8A24-9D31C038B5A0}.Debug|Any CPU.Build.0 = Debug|Any CPU
		{392AF4CF-5715-41FC-8A24-9D31C038B5A0}.Release|Any CPU.ActiveCfg = Release|Any CPU
		{392AF4CF-5715-41FC-8A24-9D31C038B5A0}.Release|Any CPU.Build.0 = Release|Any CPU
		{E22FDA5D-8C45-4766-A9C7-1C16B27FFF08}.Debug|Any CPU.ActiveCfg = Debug|Any CPU
		{E22FDA5D-8C45-4766-A9C7-1C16B27FFF08}.Debug|Any CPU.Build.0 = Debug|Any CPU
		{E22FDA5D-8C45-4766-A9C7-1C16B27FFF08}.Release|Any CPU.ActiveCfg = Release|Any CPU
		{E22FDA5D-8C45-4766-A9C7-1C16B27FFF08}.Release|Any CPU.Build.0 = Release|Any CPU
		{7A04D961-293B-4CBD-A716-8445450A14AC}.Debug|Any CPU.ActiveCfg = Debug|Any CPU
		{7A04D961-293B-4CBD-A716-8445450A14AC}.Debug|Any CPU.Build.0 = Debug|Any CPU
		{7A04D961-293B-4CBD-A716-8445450A14AC}.Release|Any CPU.ActiveCfg = Release|Any CPU
		{7A04D961-293B-4CBD-A716-8445450A14AC}.Release|Any CPU.Build.0 = Release|Any CPU
		{76D26813-7652-455B-9CDB-115F74E64D6A}.Debug|Any CPU.ActiveCfg = Debug|Any CPU
		{76D26813-7652-455B-9CDB-115F74E64D6A}.Debug|Any CPU.Build.0 = Debug|Any CPU
		{76D26813-7652-455B-9CDB-115F74E64D6A}.Release|Any CPU.ActiveCfg = Release|Any CPU
		{76D26813-7652-455B-9CDB-115F74E64D6A}.Release|Any CPU.Build.0 = Release|Any CPU
		{7BB928DF-1C08-4755-82D6-C2BAEB5036F8}.Debug|Any CPU.ActiveCfg = Debug|Any CPU
		{7BB928DF-1C08-4755-82D6-C2BAEB5036F8}.Debug|Any CPU.Build.0 = Debug|Any CPU
		{7BB928DF-1C08-4755-82D6-C2BAEB5036F8}.Release|Any CPU.ActiveCfg = Release|Any CPU
		{7BB928DF-1C08-4755-82D6-C2BAEB5036F8}.Release|Any CPU.Build.0 = Release|Any CPU
	EndGlobalSection
	GlobalSection(SolutionProperties) = preSolution
		HideSolutionNode = FALSE
	EndGlobalSection
	GlobalSection(NestedProjects) = preSolution
		{392AF4CF-5715-41FC-8A24-9D31C038B5A0} = {6B1117FB-EB20-443D-B0DC-3B910DAE5EA8}
		{E22FDA5D-8C45-4766-A9C7-1C16B27FFF08} = {6B1117FB-EB20-443D-B0DC-3B910DAE5EA8}
		{7A04D961-293B-4CBD-A716-8445450A14AC} = {304AF695-839A-42E1-B142-F91EC4366743}
		{76D26813-7652-455B-9CDB-115F74E64D6A} = {304AF695-839A-42E1-B142-F91EC4366743}
	EndGlobalSection
	GlobalSection(ExtensibilityGlobals) = postSolution
		SolutionGuid = {5B7EE0B2-2159-4935-9CC5-AC3F2DD53257}
	EndGlobalSection
EndGlobal
